
Microsoft Visual Studio Solution File, Format Version 12.00
# Visual Studio 15
VisualStudioVersion = 15.0.26124.0
MinimumVisualStudioVersion = 15.0.26124.0
Project("{2150E333-8FDC-42A3-9474-1A3956D46DE8}") = "src", "src", "{6ACF7E63-BCAE-4499-9E4D-04B7841E4F64}"
EndProject
Project("{FAE04EC0-301F-11D3-BF4B-00C04F79EFBC}") = "project", "src\project\project.csproj", "{A9CF9FB7-D3FF-42A2-98DF-BE0F5144F02A}"
EndProject
Project("{2150E333-8FDC-42A3-9474-1A3956D46DE8}") = "test", "test", "{E0F4828D-6AEF-4E01-96B1-C8FAE7B22C0A}"
EndProject
Project("{FAE04EC0-301F-11D3-BF4B-00C04F79EFBC}") = "project.tests", "test\project.tests\project.tests.csproj", "{A4D71B97-0B84-437C-9AC5-B5DB7D291B9D}"
EndProject
Global
	GlobalSection(SolutionConfigurationPlatforms) = preSolution
		Debug|Any CPU = Debug|Any CPU
		Debug|x64 = Debug|x64
		Debug|x86 = Debug|x86
		Release|Any CPU = Release|Any CPU
		Release|x64 = Release|x64
		Release|x86 = Release|x86
	EndGlobalSection
	GlobalSection(SolutionProperties) = preSolution
		HideSolutionNode = FALSE
	EndGlobalSection
	GlobalSection(ProjectConfigurationPlatforms) = postSolution
		{A9CF9FB7-D3FF-42A2-98DF-BE0F5144F02A}.Debug|Any CPU.ActiveCfg = Debug|Any CPU
		{A9CF9FB7-D3FF-42A2-98DF-BE0F5144F02A}.Debug|Any CPU.Build.0 = Debug|Any CPU
		{A9CF9FB7-D3FF-42A2-98DF-BE0F5144F02A}.Debug|x64.ActiveCfg = Debug|Any CPU
		{A9CF9FB7-D3FF-42A2-98DF-BE0F5144F02A}.Debug|x64.Build.0 = Debug|Any CPU
		{A9CF9FB7-D3FF-42A2-98DF-BE0F5144F02A}.Debug|x86.ActiveCfg = Debug|Any CPU
		{A9CF9FB7-D3FF-42A2-98DF-BE0F5144F02A}.Debug|x86.Build.0 = Debug|Any CPU
		{A9CF9FB7-D3FF-42A2-98DF-BE0F5144F02A}.Release|Any CPU.ActiveCfg = Release|Any CPU
		{A9CF9FB7-D3FF-42A2-98DF-BE0F5144F02A}.Release|Any CPU.Build.0 = Release|Any CPU
		{A9CF9FB7-D3FF-42A2-98DF-BE0F5144F02A}.Release|x64.ActiveCfg = Release|Any CPU
		{A9CF9FB7-D3FF-42A2-98DF-BE0F5144F02A}.Release|x64.Build.0 = Release|Any CPU
		{A9CF9FB7-D3FF-42A2-98DF-BE0F5144F02A}.Release|x86.ActiveCfg = Release|Any CPU
		{A9CF9FB7-D3FF-42A2-98DF-BE0F5144F02A}.Release|x86.Build.0 = Release|Any CPU
		{A4D71B97-0B84-437C-9AC5-B5DB7D291B9D}.Debug|Any CPU.ActiveCfg = Debug|Any CPU
		{A4D71B97-0B84-437C-9AC5-B5DB7D291B9D}.Debug|Any CPU.Build.0 = Debug|Any CPU
		{A4D71B97-0B84-437C-9AC5-B5DB7D291B9D}.Debug|x64.ActiveCfg = Debug|Any CPU
		{A4D71B97-0B84-437C-9AC5-B5DB7D291B9D}.Debug|x64.Build.0 = Debug|Any CPU
		{A4D71B97-0B84-437C-9AC5-B5DB7D291B9D}.Debug|x86.ActiveCfg = Debug|Any CPU
		{A4D71B97-0B84-437C-9AC5-B5DB7D291B9D}.Debug|x86.Build.0 = Debug|Any CPU
		{A4D71B97-0B84-437C-9AC5-B5DB7D291B9D}.Release|Any CPU.ActiveCfg = Release|Any CPU
		{A4D71B97-0B84-437C-9AC5-B5DB7D291B9D}.Release|Any CPU.Build.0 = Release|Any CPU
		{A4D71B97-0B84-437C-9AC5-B5DB7D291B9D}.Release|x64.ActiveCfg = Release|Any CPU
		{A4D71B97-0B84-437C-9AC5-B5DB7D291B9D}.Release|x64.Build.0 = Release|Any CPU
		{A4D71B97-0B84-437C-9AC5-B5DB7D291B9D}.Release|x86.ActiveCfg = Release|Any CPU
		{A4D71B97-0B84-437C-9AC5-B5DB7D291B9D}.Release|x86.Build.0 = Release|Any CPU
	EndGlobalSection
	GlobalSection(NestedProjects) = preSolution
		{A9CF9FB7-D3FF-42A2-98DF-BE0F5144F02A} = {6ACF7E63-BCAE-4499-9E4D-04B7841E4F64}
		{A4D71B97-0B84-437C-9AC5-B5DB7D291B9D} = {E0F4828D-6AEF-4E01-96B1-C8FAE7B22C0A}
	EndGlobalSection
EndGlobal
